{
  "requires": true,
  "lockfileVersion": 1,
  "dependencies": {
    "imask": {
      "version": "5.2.1",
      "resolved": "https://registry.npmjs.org/imask/-/imask-5.2.1.tgz",
      "integrity": "sha512-MiYUC6zP3sHldoXovnbpYc9UXjL8t4GuiZGGgillFljzJaN/osq8AeCuS1DUwzwRydMLi8F9ZK3xHkOrXjuNcw=="
    }
  }
}
